// !$*UTF8*$!
{
	archiveVersion = 1;
	classes = {
	};
	objectVersion = 46;
	objects = {

/* Begin PBXBuildFile section */
		77D9FDAA1A96CACC001CE02B /* main.m in Sources */ = {isa = PBXBuildFile; fileRef = 77D9FDA91A96CACC001CE02B /* main.m */; };
		77D9FDAD1A96CACC001CE02B /* AppDelegate.m in Sources */ = {isa = PBXBuildFile; fileRef = 77D9FDAC1A96CACC001CE02B /* AppDelegate.m */; };
		77D9FDB01A96CACC001CE02B /* ViewController.m in Sources */ = {isa = PBXBuildFile; fileRef = 77D9FDAF1A96CACC001CE02B /* ViewController.m */; };
		77D9FDB31A96CACC001CE02B /* Main.storyboard in Resources */ = {isa = PBXBuildFile; fileRef = 77D9FDB11A96CACC001CE02B /* Main.storyboard */; };
		77D9FDB51A96CACC001CE02B /* Images.xcassets in Resources */ = {isa = PBXBuildFile; fileRef = 77D9FDB41A96CACC001CE02B /* Images.xcassets */; };
		77D9FDB81A96CACC001CE02B /* LaunchScreen.xib in Resources */ = {isa = PBXBuildFile; fileRef = 77D9FDB61A96CACC001CE02B /* LaunchScreen.xib */; };
		77D9FDC41A96CACC001CE02B /* D61ContainingAppTests.m in Sources */ = {isa = PBXBuildFile; fileRef = 77D9FDC31A96CACC001CE02B /* D61ContainingAppTests.m */; };
/* End PBXBuildFile section */

/* Begin PBXContainerItemProxy section */
		77D9FDBE1A96CACC001CE02B /* PBXContainerItemProxy */ = {
			isa = PBXContainerItemProxy;
			containerPortal = 77D9FD9C1A96CACC001CE02B /* Project object */;
			proxyType = 1;
			remoteGlobalIDString = 77D9FDA31A96CACC001CE02B;
			remoteInfo = D61ContainingApp;
		};
/* End PBXContainerItemProxy section */

/* Begin PBXFileReference section */
		77D9FDA41A96CACC001CE02B /* D61ContainingApp.app */ = {isa = PBXFileReference; explicitFileType = wrapper.application; includeInIndex = 0; path = D61ContainingApp.app; sourceTree = BUILT_PRODUCTS_DIR; };
		77D9FDA81A96CACC001CE02B /* Info.plist */ = {isa = PBXFileReference; lastKnownFileType = text.plist.xml; path = Info.plist; sourceTree = "<group>"; };
		77D9FDA91A96CACC001CE02B /* main.m */ = {isa = PBXFileReference; lastKnownFileType = sourcecode.c.objc; path = main.m; sourceTree = "<group>"; };
		77D9FDAB1A96CACC001CE02B /* AppDelegate.h */ = {isa = PBXFileReference; lastKnownFileType = sourcecode.c.h; path = AppDelegate.h; sourceTree = "<group>"; };
		77D9FDAC1A96CACC001CE02B /* AppDelegate.m */ = {isa = PBXFileReference; lastKnownFileType = sourcecode.c.objc; path = AppDelegate.m; sourceTree = "<group>"; };
		77D9FDAE1A96CACC001CE02B /* ViewController.h */ = {isa = PBXFileReference; lastKnownFileType = sourcecode.c.h; path = ViewController.h; sourceTree = "<group>"; };
		77D9FDAF1A96CACC001CE02B /* ViewController.m */ = {isa = PBXFileReference; lastKnownFileType = sourcecode.c.objc; path = ViewController.m; sourceTree = "<group>"; };
		77D9FDB21A96CACC001CE02B /* Base */ = {isa = PBXFileReference; lastKnownFileType = file.storyboard; name = Base; path = Base.lproj/Main.storyboard; sourceTree = "<group>"; };
		77D9FDB41A96CACC001CE02B /* Images.xcassets */ = {isa = PBXFileReference; lastKnownFileType = folder.assetcatalog; path = Images.xcassets; sourceTree = "<group>"; };
		77D9FDB71A96CACC001CE02B /* Base */ = {isa = PBXFileReference; lastKnownFileType = file.xib; name = Base; path = Base.lproj/LaunchScreen.xib; sourceTree = "<group>"; };
		77D9FDBD1A96CACC001CE02B /* D61ContainingAppTests.xctest */ = {isa = PBXFileReference; explicitFileType = wrapper.cfbundle; includeInIndex = 0; path = D61ContainingAppTests.xctest; sourceTree = BUILT_PRODUCTS_DIR; };
		77D9FDC21A96CACC001CE02B /* Info.plist */ = {isa = PBXFileReference; lastKnownFileType = text.plist.xml; path = Info.plist; sourceTree = "<group>"; };
		77D9FDC31A96CACC001CE02B /* D61ContainingAppTests.m */ = {isa = PBXFileReference; lastKnownFileType = sourcecode.c.objc; path = D61ContainingAppTests.m; sourceTree = "<group>"; };
/* End PBXFileReference section */

/* Begin PBXFrameworksBuildPhase section */
		77D9FDA11A96CACC001CE02B /* Frameworks */ = {
			isa = PBXFrameworksBuildPhase;
			buildActionMask = 2147483647;
			files = (
			);
			runOnlyForDeploymentPostprocessing = 0;
		};
		77D9FDBA1A96CACC001CE02B /* Frameworks */ = {
			isa = PBXFrameworksBuildPhase;
			buildActionMask = 2147483647;
			files = (
			);
			runOnlyForDeploymentPostprocessing = 0;
		};
/* End PBXFrameworksBuildPhase section */

/* Begin PBXGroup section */
		77D9FD9B1A96CACC001CE02B = {
			isa = PBXGroup;
			children = (
				77D9FDA61A96CACC001CE02B /* D61ContainingApp */,
				77D9FDC01A96CACC001CE02B /* D61ContainingAppTests */,
				77D9FDA51A96CACC001CE02B /* Products */,
			);
			sourceTree = "<group>";
		};
		77D9FDA51A96CACC001CE02B /* Products */ = {
			isa = PBXGroup;
			children = (
				77D9FDA41A96CACC001CE02B /* D61ContainingApp.app */,
				77D9FDBD1A96CACC001CE02B /* D61ContainingAppTests.xctest */,
			);
			name = Products;
			sourceTree = "<group>";
		};
		77D9FDA61A96CACC001CE02B /* D61ContainingApp */ = {
			isa = PBXGroup;
			children = (
				77D9FDAB1A96CACC001CE02B /* AppDelegate.h */,
				77D9FDAC1A96CACC001CE02B /* AppDelegate.m */,
				77D9FDAE1A96CACC001CE02B /* ViewController.h */,
				77D9FDAF1A96CACC001CE02B /* ViewController.m */,
				77D9FDB11A96CACC001CE02B /* Main.storyboard */,
				77D9FDB41A96CACC001CE02B /* Images.xcassets */,
				77D9FDB61A96CACC001CE02B /* LaunchScreen.xib */,
				77D9FDA71A96CACC001CE02B /* Supporting Files */,
			);
			path = D61ContainingApp;
			sourceTree = "<group>";
		};
		77D9FDA71A96CACC001CE02B /* Supporting Files */ = {
			isa = PBXGroup;
			children = (
				77D9FDA81A96CACC001CE02B /* Info.plist */,
				77D9FDA91A96CACC001CE02B /* main.m */,
			);
			name = "Supporting Files";
			sourceTree = "<group>";
		};
		77D9FDC01A96CACC001CE02B /* D61ContainingAppTests */ = {
			isa = PBXGroup;
			children = (
				77D9FDC31A96CACC001CE02B /* D61ContainingAppTests.m */,
				77D9FDC11A96CACC001CE02B /* Supporting Files */,
			);
			path = D61ContainingAppTests;
			sourceTree = "<group>";
		};
		77D9FDC11A96CACC001CE02B /* Supporting Files */ = {
			isa = PBXGroup;
			children = (
				77D9FDC21A96CACC001CE02B /* Info.plist */,
			);
			name = "Supporting Files";
			sourceTree = "<group>";
		};
/* End PBXGroup section */

/* Begin PBXNativeTarget section */
		77D9FDA31A96CACC001CE02B /* D61ContainingApp */ = {
			isa = PBXNativeTarget;
			buildConfigurationList = 77D9FDC71A96CACC001CE02B /* Build configuration list for PBXNativeTarget "D61ContainingApp" */;
			buildPhases = (
				77D9FDA01A96CACC001CE02B /* Sources */,
				77D9FDA11A96CACC001CE02B /* Frameworks */,
				77D9FDA21A96CACC001CE02B /* Resources */,
			);
			buildRules = (
			);
			dependencies = (
			);
			name = D61ContainingApp;
			productName = D61ContainingApp;
			productReference = 77D9FDA41A96CACC001CE02B /* D61ContainingApp.app */;
			productType = "com.apple.product-type.application";
		};
		77D9FDBC1A96CACC001CE02B /* D61ContainingAppTests */ = {
			isa = PBXNativeTarget;
			buildConfigurationList = 77D9FDCA1A96CACC001CE02B /* Build configuration list for PBXNativeTarget "D61ContainingAppTests" */;
			buildPhases = (
				77D9FDB91A96CACC001CE02B /* Sources */,
				77D9FDBA1A96CACC001CE02B /* Frameworks */,
				77D9FDBB1A96CACC001CE02B /* Resources */,
			);
			buildRules = (
			);
			dependencies = (
				77D9FDBF1A96CACC001CE02B /* PBXTargetDependency */,
			);
			name = D61ContainingAppTests;
			productName = D61ContainingAppTests;
			productReference = 77D9FDBD1A96CACC001CE02B /* D61ContainingAppTests.xctest */;
			productType = "com.apple.product-type.bundle.unit-test";
		};
/* End PBXNativeTarget section */

/* Begin PBXProject section */
		77D9FD9C1A96CACC001CE02B /* Project object */ = {
			isa = PBXProject;
			attributes = {
				LastUpgradeCheck = 0610;
				ORGANIZATIONNAME = "Rommel Rico";
				TargetAttributes = {
					77D9FDA31A96CACC001CE02B = {
						CreatedOnToolsVersion = 6.1.1;
					};
					77D9FDBC1A96CACC001CE02B = {
						CreatedOnToolsVersion = 6.1.1;
						TestTargetID = 77D9FDA31A96CACC001CE02B;
					};
				};
			};
			buildConfigurationList = 77D9FD9F1A96CACC001CE02B /* Build configuration list for PBXProject "D61ContainingApp" */;
			compatibilityVersion = "Xcode 3.2";
			developmentRegion = English;
			hasScannedForEncodings = 0;
			knownRegions = (
				en,
				Base,
			);
			mainGroup = 77D9FD9B1A96CACC001CE02B;
			productRefGroup = 77D9FDA51A96CACC001CE02B /* Products */;
			projectDirPath = "";
			projectRoot = "";
			targets = (
				77D9FDA31A96CACC001CE02B /* D61ContainingApp */,
				77D9FDBC1A96CACC001CE02B /* D61ContainingAppTests */,
			);
		};
/* End PBXProject section */

/* Begin PBXResourcesBuildPhase section */
		77D9FDA21A96CACC001CE02B /* Resources */ = {
			isa = PBXResourcesBuildPhase;
			buildActionMask = 2147483647;
			files = (
				77D9FDB31A96CACC001CE02B /* Main.storyboard in Resources */,
				77D9FDB81A96CACC001CE02B /* LaunchScreen.xib in Resources */,
				77D9FDB51A96CACC001CE02B /* Images.xcassets in Resources */,
			);
			runOnlyForDeploymentPostprocessing = 0;
		};
		77D9FDBB1A96CACC001CE02B /* Resources */ = {
			isa = PBXResourcesBuildPhase;
			buildActionMask = 2147483647;
			files = (
			);
			runOnlyForDeploymentPostprocessing = 0;
		};
/* End PBXResourcesBuildPhase section */

/* Begin PBXSourcesBuildPhase section */
		77D9FDA01A96CACC001CE02B /* Sources */ = {
			isa = PBXSourcesBuildPhase;
			buildActionMask = 2147483647;
			files = (
				77D9FDB01A96CACC001CE02B /* ViewController.m in Sources */,
				77D9FDAD1A96CACC001CE02B /* AppDelegate.m in Sources */,
				77D9FDAA1A96CACC001CE02B /* main.m in Sources */,
			);
			runOnlyForDeploymentPostprocessing = 0;
		};
		77D9FDB91A96CACC001CE02B /* Sources */ = {
			isa = PBXSourcesBuildPhase;
			buildActionMask = 2147483647;
			files = (
				77D9FDC41A96CACC001CE02B /* D61ContainingAppTests.m in Sources */,
			);
			runOnlyForDeploymentPostprocessing = 0;
		};
/* End PBXSourcesBuildPhase section */

/* Begin PBXTargetDependency section */
		77D9FDBF1A96CACC001CE02B /* PBXTargetDependency */ = {
			isa = PBXTargetDependency;
			target = 77D9FDA31A96CACC001CE02B /* D61ContainingApp */;
			targetProxy = 77D9FDBE1A96CACC001CE02B /* PBXContainerItemProxy */;
		};
/* End PBXTargetDependency section */

/* Begin PBXVariantGroup section */
		77D9FDB11A96CACC001CE02B /* Main.storyboard */ = {
			isa = PBXVariantGroup;
			children = (
				77D9FDB21A96CACC001CE02B /* Base */,
			);
			name = Main.storyboard;
			sourceTree = "<group>";
		};
		77D9FDB61A96CACC001CE02B /* LaunchScreen.xib */ = {
			isa = PBXVariantGroup;
			children = (
				77D9FDB71A96CACC001CE02B /* Base */,
			);
			name = LaunchScreen.xib;
			sourceTree = "<group>";
		};
/* End PBXVariantGroup section */

/* Begin XCBuildConfiguration section */
		77D9FDC51A96CACC001CE02B /* Debug */ = {
			isa = XCBuildConfiguration;
			buildSettings = {
				ALWAYS_SEARCH_USER_PATHS = NO;
				CLANG_CXX_LANGUAGE_STANDARD = "gnu++0x";
				CLANG_CXX_LIBRARY = "libc++";
				CLANG_ENABLE_MODULES = YES;
				CLANG_ENABLE_OBJC_ARC = YES;
				CLANG_WARN_BOOL_CONVERSION = YES;
				CLANG_WARN_CONSTANT_CONVERSION = YES;
				CLANG_WARN_DIRECT_OBJC_ISA_USAGE = YES_ERROR;
				CLANG_WARN_EMPTY_BODY = YES;
				CLANG_WARN_ENUM_CONVERSION = YES;
				CLANG_WARN_INT_CONVERSION = YES;
				CLANG_WARN_OBJC_ROOT_CLASS = YES_ERROR;
				CLANG_WARN_UNREACHABLE_CODE = YES;
				CLANG_WARN__DUPLICATE_METHOD_MATCH = YES;
				"CODE_SIGN_IDENTITY[sdk=iphoneos*]" = "iPhone Developer";
				COPY_PHASE_STRIP = NO;
				ENABLE_STRICT_OBJC_MSGSEND = YES;
				GCC_C_LANGUAGE_STANDARD = gnu99;
				GCC_DYNAMIC_NO_PIC = NO;
				GCC_OPTIMIZATION_LEVEL = 0;
				GCC_PREPROCESSOR_DEFINITIONS = (
					"DEBUG=1",
					"$(inherited)",
				);
				GCC_SYMBOLS_PRIVATE_EXTERN = NO;
				GCC_WARN_64_TO_32_BIT_CONVERSION = YES;
				GCC_WARN_ABOUT_RETURN_TYPE = YES_ERROR;
				GCC_WARN_UNDECLARED_SELECTOR = YES;
				GCC_WARN_UNINITIALIZED_AUTOS = YES_AGGRESSIVE;
				GCC_WARN_UNUSED_FUNCTION = YES;
				GCC_WARN_UNUSED_VARIABLE = YES;
				IPHONEOS_DEPLOYMENT_TARGET = 8.1;
				MTL_ENABLE_DEBUG_INFO = YES;
				ONLY_ACTIVE_ARCH = YES;
				SDKROOT = iphoneos;
				TARGETED_DEVICE_FAMILY = "1,2";
			};
			name = Debug;
		};
		77D9FDC61A96CACC001CE02B /* Release */ = {
			isa = XCBuildConfiguration;
			buildSettings = {
				ALWAYS_SEARCH_USER_PATHS = NO;
				CLANG_CXX_LANGUAGE_STANDARD = "gnu++0x";
				CLANG_CXX_LIBRARY = "libc++";
				CLANG_ENABLE_MODULES = YES;
				CLANG_ENABLE_OBJC_ARC = YES;
				CLANG_WARN_BOOL_CONVERSION = YES;
				CLANG_WARN_CONSTANT_CONVERSION = YES;
				CLANG_WARN_DIRECT_OBJC_ISA_USAGE = YES_ERROR;
				CLANG_WARN_EMPTY_BODY = YES;
				CLANG_WARN_ENUM_CONVERSION = YES;
				CLANG_WARN_INT_CONVERSION = YES;
				CLANG_WARN_OBJC_ROOT_CLASS = YES_ERROR;
				CLANG_WARN_UNREACHABLE_CODE = YES;
				CLANG_WARN__DUPLICATE_METHOD_MATCH = YES;
				"CODE_SIGN_IDENTITY[sdk=iphoneos*]" = "iPhone Developer";
				COPY_PHASE_STRIP = YES;
				ENABLE_NS_ASSERTIONS = NO;
				ENABLE_STRICT_OBJC_MSGSEND = YES;
				GCC_C_LANGUAGE_STANDARD = gnu99;
				GCC_WARN_64_TO_32_BIT_CONVERSION = YES;
				GCC_WARN_ABOUT_RETURN_TYPE = YES_ERROR;
				GCC_WARN_UNDECLARED_SELECTOR = YES;
				GCC_WARN_UNINITIALIZED_AUTOS = YES_AGGRESSIVE;
				GCC_WARN_UNUSED_FUNCTION = YES;
				GCC_WARN_UNUSED_VARIABLE = YES;
				IPHONEOS_DEPLOYMENT_TARGET = 8.1;
				MTL_ENABLE_DEBUG_INFO = NO;
				SDKROOT = iphoneos;
				TARGETED_DEVICE_FAMILY = "1,2";
				VALIDATE_PRODUCT = YES;
			};
			name = Release;
		};
		77D9FDC81A96CACC001CE02B /* Debug */ = {
			isa = XCBuildConfiguration;
			buildSettings = {
				ASSETCATALOG_COMPILER_APPICON_NAME = AppIcon;
				INFOPLIST_FILE = D61ContainingApp/Info.plist;
				LD_RUNPATH_SEARCH_PATHS = "$(inherited) @executable_path/Frameworks";
				PRODUCT_NAME = "$(TARGET_NAME)";
			};
			name = Debug;
		};
		77D9FDC91A96CACC001CE02B /* Release */ = {
			isa = XCBuildConfiguration;
			buildSettings = {
				ASSETCATALOG_COMPILER_APPICON_NAME = AppIcon;
				INFOPLIST_FILE = D61ContainingApp/Info.plist;
				LD_RUNPATH_SEARCH_PATHS = "$(inherited) @executable_path/Frameworks";
				PRODUCT_NAME = "$(TARGET_NAME)";
			};
			name = Release;
		};
		77D9FDCB1A96CACC001CE02B /* Debug */ = {
			isa = XCBuildConfiguration;
			buildSettings = {
				BUNDLE_LOADER = "$(TEST_HOST)";
				FRAMEWORK_SEARCH_PATHS = (
					"$(SDKROOT)/Developer/Library/Frameworks",
					"$(inherited)",
				);
				GCC_PREPROCESSOR_DEFINITIONS = (
					"DEBUG=1",
					"$(inherited)",
				);
				INFOPLIST_FILE = D61ContainingAppTests/Info.plist;
				LD_RUNPATH_SEARCH_PATHS = "$(inherited) @executable_path/Frameworks @loader_path/Frameworks";
				PRODUCT_NAME = "$(TARGET_NAME)";
				TEST_HOST = "$(BUILT_PRODUCTS_DIR)/D61ContainingApp.app/D61ContainingApp";
			};
			name = Debug;
		};
		77D9FDCC1A96CACC001CE02B /* Release */ = {
			isa = XCBuildConfiguration;
			buildSettings = {
				BUNDLE_LOADER = "$(TEST_HOST)";
				FRAMEWORK_SEARCH_PATHS = (
					"$(SDKROOT)/Developer/Library/Frameworks",
					"$(inherited)",
				);
				INFOPLIST_FILE = D61ContainingAppTests/Info.plist;
				LD_RUNPATH_SEARCH_PATHS = "$(inherited) @executable_path/Frameworks @loader_path/Frameworks";
				PRODUCT_NAME = "$(TARGET_NAME)";
				TEST_HOST = "$(BUILT_PRODUCTS_DIR)/D61ContainingApp.app/D61ContainingApp";
			};
			name = Release;
		};
/* End XCBuildConfiguration section */

/* Begin XCConfigurationList section */
		77D9FD9F1A96CACC001CE02B /* Build configuration list for PBXProject "D61ContainingApp" */ = {
			isa = XCConfigurationList;
			buildConfigurations = (
				77D9FDC51A96CACC001CE02B /* Debug */,
				77D9FDC61A96CACC001CE02B /* Release */,
			);
			defaultConfigurationIsVisible = 0;
			defaultConfigurationName = Release;
		};
		77D9FDC71A96CACC001CE02B /* Build configuration list for PBXNativeTarget "D61ContainingApp" */ = {
			isa = XCConfigurationList;
			buildConfigurations = (
				77D9FDC81A96CACC001CE02B /* Debug */,
				77D9FDC91A96CACC001CE02B /* Release */,
			);
			defaultConfigurationIsVisible = 0;
		};
		77D9FDCA1A96CACC001CE02B /* Build configuration list for PBXNativeTarget "D61ContainingAppTests" */ = {
			isa = XCConfigurationList;
			buildConfigurations = (
				77D9FDCB1A96CACC001CE02B /* Debug */,
				77D9FDCC1A96CACC001CE02B /* Release */,
			);
			defaultConfigurationIsVisible = 0;
		};
/* End XCConfigurationList section */
	};
	rootObject = 77D9FD9C1A96CACC001CE02B /* Project object */;
}
